uuid: 6f59f788-ac3b-4750-8c59-579cdd15c3e0
langcode: en
status: true
dependencies:
  module:
    - dynamictagclouds
  theme:
    - stark
id: tagcloudblock
theme: stark
region: primary_menu
weight: 0
provider: null
plugin: tag_cloud_block
settings:
  id: tag_cloud_block
  label: 'Tag cloud block'
  provider: dynamictagclouds
  label_display: visible
  vocabularies:
    tags: tags
    flowe: 0
  style: '0'
  redirect_url: /taxonomy/term/
visibility: {  }
